
Microsoft Visual Studio Solution File, Format Version 12.00
# Visual Studio Version 17
VisualStudioVersion = 17.7.34024.191
MinimumVisualStudioVersion = 10.0.40219.1
Project("{FAE04EC0-301F-11D3-BF4B-00C04F79EFBC}") = "Fiorello", "Fiorello\Fiorello.csproj", "{7053F742-3F6F-47DC-B7F6-14AD2A426877}"
EndProject
Global
	GlobalSection(SolutionConfigurationPlatforms) = preSolution
		Debug|Any CPU = Debug|Any CPU
		Release|Any CPU = Release|Any CPU
	EndGlobalSection
	GlobalSection(ProjectConfigurationPlatforms) = postSolution
		{7053F742-3F6F-47DC-B7F6-14AD2A426877}.Debug|Any CPU.ActiveCfg = Debug|Any CPU
		{7053F742-3F6F-47DC-B7F6-14AD2A426877}.Debug|Any CPU.Build.0 = Debug|Any CPU
		{7053F742-3F6F-47DC-B7F6-14AD2A426877}.Release|Any CPU.ActiveCfg = Release|Any CPU
		{7053F742-3F6F-47DC-B7F6-14AD2A426877}.Release|Any CPU.Build.0 = Release|Any CPU
	EndGlobalSection
	GlobalSection(SolutionProperties) = preSolution
		HideSolutionNode = FALSE
	EndGlobalSection
	GlobalSection(ExtensibilityGlobals) = postSolution
		SolutionGuid = {E9DEC03C-3CC9-4274-A30D-DC1B22D38A4B}
	EndGlobalSection
EndGlobal
